// !$*UTF8*$!
{
	archiveVersion = 1;
	classes = {
	};
	objectVersion = 55;
	objects = {

/* Begin PBXBuildFile section */
		0EB7B8FE283D8BBA0014D516 /* CoordinatorPatternSwiftUIApp.swift in Sources */ = {isa = PBXBuildFile; fileRef = 0EB7B8FD283D8BBA0014D516 /* CoordinatorPatternSwiftUIApp.swift */; };
		0EB7B900283D8BBA0014D516 /* LoginView.swift in Sources */ = {isa = PBXBuildFile; fileRef = 0EB7B8FF283D8BBA0014D516 /* LoginView.swift */; };
		0EB7B902283D8BBB0014D516 /* Assets.xcassets in Resources */ = {isa = PBXBuildFile; fileRef = 0EB7B901283D8BBB0014D516 /* Assets.xcassets */; };
		0EB7B905283D8BBB0014D516 /* Preview Assets.xcassets in Resources */ = {isa = PBXBuildFile; fileRef = 0EB7B904283D8BBB0014D516 /* Preview Assets.xcassets */; };
		0EB7B90E283D8C0A0014D516 /* AppDelegate.swift in Sources */ = {isa = PBXBuildFile; fileRef = 0EB7B90D283D8C0A0014D516 /* AppDelegate.swift */; };
		0EB7B916283D8CE90014D516 /* Router.swift in Sources */ = {isa = PBXBuildFile; fileRef = 0EB7B915283D8CE90014D516 /* Router.swift */; };
		0EB7B918283D8D1D0014D516 /* Navigators.swift in Sources */ = {isa = PBXBuildFile; fileRef = 0EB7B917283D8D1D0014D516 /* Navigators.swift */; };
		0EB7B91A283D8E110014D516 /* GenericRouterFlowNavigator.swift in Sources */ = {isa = PBXBuildFile; fileRef = 0EB7B919283D8E110014D516 /* GenericRouterFlowNavigator.swift */; };
		0EB7B91F283D8EED0014D516 /* Module1RouterFlowNavigator.swift in Sources */ = {isa = PBXBuildFile; fileRef = 0EB7B91E283D8EED0014D516 /* Module1RouterFlowNavigator.swift */; };
		0EB7B92D283D8FE20014D516 /* TermsAndConditionsViewModel.swift in Sources */ = {isa = PBXBuildFile; fileRef = 0EB7B92C283D8FE20014D516 /* TermsAndConditionsViewModel.swift */; };
		0EB7B92F283D8FF00014D516 /* TermsAndConditionsView.swift in Sources */ = {isa = PBXBuildFile; fileRef = 0EB7B92E283D8FF00014D516 /* TermsAndConditionsView.swift */; };
		0EB7B931283D908E0014D516 /* Page1View.swift in Sources */ = {isa = PBXBuildFile; fileRef = 0EB7B930283D908E0014D516 /* Page1View.swift */; };
		0EB7B933283D90970014D516 /* Page2View.swift in Sources */ = {isa = PBXBuildFile; fileRef = 0EB7B932283D90970014D516 /* Page2View.swift */; };
		0EB7B935283D90AF0014D516 /* Page3View.swift in Sources */ = {isa = PBXBuildFile; fileRef = 0EB7B934283D90AF0014D516 /* Page3View.swift */; };
		0EB7B939283D90E80014D516 /* NavigationBarView.swift in Sources */ = {isa = PBXBuildFile; fileRef = 0EB7B938283D90E80014D516 /* NavigationBarView.swift */; };
		0EB7B93D283D942D0014D516 /* NavigationBarViewModel.swift in Sources */ = {isa = PBXBuildFile; fileRef = 0EB7B93C283D942D0014D516 /* NavigationBarViewModel.swift */; };
		0EB7B941283D96160014D516 /* LoginViewModel.swift in Sources */ = {isa = PBXBuildFile; fileRef = 0EB7B940283D96160014D516 /* LoginViewModel.swift */; };
		0EB7B943283D96BA0014D516 /* LoginRouterFlowNavigator.swift in Sources */ = {isa = PBXBuildFile; fileRef = 0EB7B942283D96BA0014D516 /* LoginRouterFlowNavigator.swift */; };
		0EB7B945283D99C70014D516 /* Page1ViewModel.swift in Sources */ = {isa = PBXBuildFile; fileRef = 0EB7B944283D99C70014D516 /* Page1ViewModel.swift */; };
/* End PBXBuildFile section */

/* Begin PBXFileReference section */
		0EB7B8FA283D8BBA0014D516 /* CoordinatorPatternSwiftUI.app */ = {isa = PBXFileReference; explicitFileType = wrapper.application; includeInIndex = 0; path = CoordinatorPatternSwiftUI.app; sourceTree = BUILT_PRODUCTS_DIR; };
		0EB7B8FD283D8BBA0014D516 /* CoordinatorPatternSwiftUIApp.swift */ = {isa = PBXFileReference; lastKnownFileType = sourcecode.swift; path = CoordinatorPatternSwiftUIApp.swift; sourceTree = "<group>"; };
		0EB7B8FF283D8BBA0014D516 /* LoginView.swift */ = {isa = PBXFileReference; lastKnownFileType = sourcecode.swift; path = LoginView.swift; sourceTree = "<group>"; };
		0EB7B901283D8BBB0014D516 /* Assets.xcassets */ = {isa = PBXFileReference; lastKnownFileType = folder.assetcatalog; path = Assets.xcassets; sourceTree = "<group>"; };
		0EB7B904283D8BBB0014D516 /* Preview Assets.xcassets */ = {isa = PBXFileReference; lastKnownFileType = folder.assetcatalog; path = "Preview Assets.xcassets"; sourceTree = "<group>"; };
		0EB7B90D283D8C0A0014D516 /* AppDelegate.swift */ = {isa = PBXFileReference; lastKnownFileType = sourcecode.swift; path = AppDelegate.swift; sourceTree = "<group>"; };
		0EB7B915283D8CE90014D516 /* Router.swift */ = {isa = PBXFileReference; lastKnownFileType = sourcecode.swift; path = Router.swift; sourceTree = "<group>"; };
		0EB7B917283D8D1D0014D516 /* Navigators.swift */ = {isa = PBXFileReference; lastKnownFileType = sourcecode.swift; path = Navigators.swift; sourceTree = "<group>"; };
		0EB7B919283D8E110014D516 /* GenericRouterFlowNavigator.swift */ = {isa = PBXFileReference; lastKnownFileType = sourcecode.swift; path = GenericRouterFlowNavigator.swift; sourceTree = "<group>"; };
		0EB7B91E283D8EED0014D516 /* Module1RouterFlowNavigator.swift */ = {isa = PBXFileReference; lastKnownFileType = sourcecode.swift; path = Module1RouterFlowNavigator.swift; sourceTree = "<group>"; };
		0EB7B92C283D8FE20014D516 /* TermsAndConditionsViewModel.swift */ = {isa = PBXFileReference; lastKnownFileType = sourcecode.swift; path = TermsAndConditionsViewModel.swift; sourceTree = "<group>"; };
		0EB7B92E283D8FF00014D516 /* TermsAndConditionsView.swift */ = {isa = PBXFileReference; lastKnownFileType = sourcecode.swift; path = TermsAndConditionsView.swift; sourceTree = "<group>"; };
		0EB7B930283D908E0014D516 /* Page1View.swift */ = {isa = PBXFileReference; lastKnownFileType = sourcecode.swift; path = Page1View.swift; sourceTree = "<group>"; };
		0EB7B932283D90970014D516 /* Page2View.swift */ = {isa = PBXFileReference; lastKnownFileType = sourcecode.swift; path = Page2View.swift; sourceTree = "<group>"; };
		0EB7B934283D90AF0014D516 /* Page3View.swift */ = {isa = PBXFileReference; lastKnownFileType = sourcecode.swift; path = Page3View.swift; sourceTree = "<group>"; };
		0EB7B938283D90E80014D516 /* NavigationBarView.swift */ = {isa = PBXFileReference; lastKnownFileType = sourcecode.swift; path = NavigationBarView.swift; sourceTree = "<group>"; };
		0EB7B93C283D942D0014D516 /* NavigationBarViewModel.swift */ = {isa = PBXFileReference; lastKnownFileType = sourcecode.swift; path = NavigationBarViewModel.swift; sourceTree = "<group>"; };
		0EB7B940283D96160014D516 /* LoginViewModel.swift */ = {isa = PBXFileReference; lastKnownFileType = sourcecode.swift; path = LoginViewModel.swift; sourceTree = "<group>"; };
		0EB7B942283D96BA0014D516 /* LoginRouterFlowNavigator.swift */ = {isa = PBXFileReference; lastKnownFileType = sourcecode.swift; path = LoginRouterFlowNavigator.swift; sourceTree = "<group>"; };
		0EB7B944283D99C70014D516 /* Page1ViewModel.swift */ = {isa = PBXFileReference; lastKnownFileType = sourcecode.swift; path = Page1ViewModel.swift; sourceTree = "<group>"; };
/* End PBXFileReference section */

/* Begin PBXFrameworksBuildPhase section */
		0EB7B8F7283D8BBA0014D516 /* Frameworks */ = {
			isa = PBXFrameworksBuildPhase;
			buildActionMask = 2147483647;
			files = (
			);
			runOnlyForDeploymentPostprocessing = 0;
		};
/* End PBXFrameworksBuildPhase section */

/* Begin PBXGroup section */
		0EB7B8F1283D8BBA0014D516 = {
			isa = PBXGroup;
			children = (
				0EB7B8FC283D8BBA0014D516 /* CoordinatorPatternSwiftUI */,
				0EB7B8FB283D8BBA0014D516 /* Products */,
			);
			sourceTree = "<group>";
		};
		0EB7B8FB283D8BBA0014D516 /* Products */ = {
			isa = PBXGroup;
			children = (
				0EB7B8FA283D8BBA0014D516 /* CoordinatorPatternSwiftUI.app */,
			);
			name = Products;
			sourceTree = "<group>";
		};
		0EB7B8FC283D8BBA0014D516 /* CoordinatorPatternSwiftUI */ = {
			isa = PBXGroup;
			children = (
				0EB7B936283D90D70014D516 /* Components */,
				0EB7B914283D8CD70014D516 /* Router */,
				0EB7B913283D8C820014D516 /* Navigators */,
				0EB7B90B283D8BDE0014D516 /* Application */,
				0EB7B90F283D8C160014D516 /* Scenes */,
				0EB7B90C283D8BE30014D516 /* Resources */,
				0EB7B903283D8BBB0014D516 /* Preview Content */,
			);
			path = CoordinatorPatternSwiftUI;
			sourceTree = "<group>";
		};
		0EB7B903283D8BBB0014D516 /* Preview Content */ = {
			isa = PBXGroup;
			children = (
				0EB7B904283D8BBB0014D516 /* Preview Assets.xcassets */,
			);
			path = "Preview Content";
			sourceTree = "<group>";
		};
		0EB7B90B283D8BDE0014D516 /* Application */ = {
			isa = PBXGroup;
			children = (
				0EB7B90D283D8C0A0014D516 /* AppDelegate.swift */,
				0EB7B8FD283D8BBA0014D516 /* CoordinatorPatternSwiftUIApp.swift */,
			);
			path = Application;
			sourceTree = "<group>";
		};
		0EB7B90C283D8BE30014D516 /* Resources */ = {
			isa = PBXGroup;
			children = (
				0EB7B901283D8BBB0014D516 /* Assets.xcassets */,
			);
			path = Resources;
			sourceTree = "<group>";
		};
		0EB7B90F283D8C160014D516 /* Scenes */ = {
			isa = PBXGroup;
			children = (
				0EB7B910283D8C240014D516 /* Main */,
				0EB7B911283D8C280014D516 /* TermsAndConditions */,
				0EB7B912283D8C2F0014D516 /* Module1 */,
			);
			path = Scenes;
			sourceTree = "<group>";
		};
		0EB7B910283D8C240014D516 /* Main */ = {
			isa = PBXGroup;
			children = (
				0EB7B93F283D96010014D516 /* View */,
				0EB7B93E283D95FD0014D516 /* ViewModel */,
			);
			path = Main;
			sourceTree = "<group>";
		};
		0EB7B911283D8C280014D516 /* TermsAndConditions */ = {
			isa = PBXGroup;
			children = (
				0EB7B91C283D8E910014D516 /* View */,
				0EB7B91B283D8E8C0014D516 /* ViewModel */,
			);
			path = TermsAndConditions;
			sourceTree = "<group>";
		};
		0EB7B912283D8C2F0014D516 /* Module1 */ = {
			isa = PBXGroup;
			children = (
				0EB7B920283D8F550014D516 /* Page1 */,
				0EB7B921283D8F590014D516 /* Page2 */,
				0EB7B922283D8F5F0014D516 /* Page3 */,
			);
			path = Module1;
			sourceTree = "<group>";
		};
		0EB7B913283D8C820014D516 /* Navigators */ = {
			isa = PBXGroup;
			children = (
				0EB7B917283D8D1D0014D516 /* Navigators.swift */,
				0EB7B919283D8E110014D516 /* GenericRouterFlowNavigator.swift */,
				0EB7B942283D96BA0014D516 /* LoginRouterFlowNavigator.swift */,
				0EB7B91E283D8EED0014D516 /* Module1RouterFlowNavigator.swift */,
			);
			path = Navigators;
			sourceTree = "<group>";
		};
		0EB7B914283D8CD70014D516 /* Router */ = {
			isa = PBXGroup;
			children = (
				0EB7B915283D8CE90014D516 /* Router.swift */,
			);
			path = Router;
			sourceTree = "<group>";
		};
		0EB7B91B283D8E8C0014D516 /* ViewModel */ = {
			isa = PBXGroup;
			children = (
				0EB7B92C283D8FE20014D516 /* TermsAndConditionsViewModel.swift */,
			);
			path = ViewModel;
			sourceTree = "<group>";
		};
		0EB7B91C283D8E910014D516 /* View */ = {
			isa = PBXGroup;
			children = (
				0EB7B92E283D8FF00014D516 /* TermsAndConditionsView.swift */,
			);
			path = View;
			sourceTree = "<group>";
		};
		0EB7B920283D8F550014D516 /* Page1 */ = {
			isa = PBXGroup;
			children = (
				0EB7B927283D8F770014D516 /* View */,
				0EB7B924283D8F6C0014D516 /* ViewModel */,
			);
			path = Page1;
			sourceTree = "<group>";
		};
		0EB7B921283D8F590014D516 /* Page2 */ = {
			isa = PBXGroup;
			children = (
				0EB7B928283D8F8C0014D516 /* View */,
				0EB7B925283D8F700014D516 /* ViewModel */,
			);
			path = Page2;
			sourceTree = "<group>";
		};
		0EB7B922283D8F5F0014D516 /* Page3 */ = {
			isa = PBXGroup;
			children = (
				0EB7B929283D8F910014D516 /* View */,
				0EB7B926283D8F740014D516 /* ViewModel */,
			);
			path = Page3;
			sourceTree = "<group>";
		};
		0EB7B924283D8F6C0014D516 /* ViewModel */ = {
			isa = PBXGroup;
			children = (
				0EB7B944283D99C70014D516 /* Page1ViewModel.swift */,
			);
			path = ViewModel;
			sourceTree = "<group>";
		};
		0EB7B925283D8F700014D516 /* ViewModel */ = {
			isa = PBXGroup;
			children = (
			);
			path = ViewModel;
			sourceTree = "<group>";
		};
		0EB7B926283D8F740014D516 /* ViewModel */ = {
			isa = PBXGroup;
			children = (
			);
			path = ViewModel;
			sourceTree = "<group>";
		};
		0EB7B927283D8F770014D516 /* View */ = {
			isa = PBXGroup;
			children = (
				0EB7B930283D908E0014D516 /* Page1View.swift */,
			);
			path = View;
			sourceTree = "<group>";
		};
		0EB7B928283D8F8C0014D516 /* View */ = {
			isa = PBXGroup;
			children = (
				0EB7B932283D90970014D516 /* Page2View.swift */,
			);
			path = View;
			sourceTree = "<group>";
		};
		0EB7B929283D8F910014D516 /* View */ = {
			isa = PBXGroup;
			children = (
				0EB7B934283D90AF0014D516 /* Page3View.swift */,
			);
			path = View;
			sourceTree = "<group>";
		};
		0EB7B936283D90D70014D516 /* Components */ = {
			isa = PBXGroup;
			children = (
				0EB7B937283D90DB0014D516 /* NavigationBar */,
			);
			path = Components;
			sourceTree = "<group>";
		};
		0EB7B937283D90DB0014D516 /* NavigationBar */ = {
			isa = PBXGroup;
			children = (
				0EB7B93A283D93D30014D516 /* View */,
				0EB7B93B283D93D70014D516 /* ViewModel */,
			);
			path = NavigationBar;
			sourceTree = "<group>";
		};
		0EB7B93A283D93D30014D516 /* View */ = {
			isa = PBXGroup;
			children = (
				0EB7B938283D90E80014D516 /* NavigationBarView.swift */,
			);
			path = View;
			sourceTree = "<group>";
		};
		0EB7B93B283D93D70014D516 /* ViewModel */ = {
			isa = PBXGroup;
			children = (
				0EB7B93C283D942D0014D516 /* NavigationBarViewModel.swift */,
			);
			path = ViewModel;
			sourceTree = "<group>";
		};
		0EB7B93E283D95FD0014D516 /* ViewModel */ = {
			isa = PBXGroup;
			children = (
				0EB7B940283D96160014D516 /* LoginViewModel.swift */,
			);
			path = ViewModel;
			sourceTree = "<group>";
		};
		0EB7B93F283D96010014D516 /* View */ = {
			isa = PBXGroup;
			children = (
				0EB7B8FF283D8BBA0014D516 /* LoginView.swift */,
			);
			path = View;
			sourceTree = "<group>";
		};
/* End PBXGroup section */

/* Begin PBXNativeTarget section */
		0EB7B8F9283D8BBA0014D516 /* CoordinatorPatternSwiftUI */ = {
			isa = PBXNativeTarget;
			buildConfigurationList = 0EB7B908283D8BBB0014D516 /* Build configuration list for PBXNativeTarget "CoordinatorPatternSwiftUI" */;
			buildPhases = (
				0EB7B8F6283D8BBA0014D516 /* Sources */,
				0EB7B8F7283D8BBA0014D516 /* Frameworks */,
				0EB7B8F8283D8BBA0014D516 /* Resources */,
			);
			buildRules = (
			);
			dependencies = (
			);
			name = CoordinatorPatternSwiftUI;
			productName = CoordinatorPatternSwiftUI;
			productReference = 0EB7B8FA283D8BBA0014D516 /* CoordinatorPatternSwiftUI.app */;
			productType = "com.apple.product-type.application";
		};
/* End PBXNativeTarget section */

/* Begin PBXProject section */
		0EB7B8F2283D8BBA0014D516 /* Project object */ = {
			isa = PBXProject;
			attributes = {
				BuildIndependentTargetsInParallel = 1;
				LastSwiftUpdateCheck = 1340;
				LastUpgradeCheck = 1340;
				TargetAttributes = {
					0EB7B8F9283D8BBA0014D516 = {
						CreatedOnToolsVersion = 13.4;
					};
				};
			};
			buildConfigurationList = 0EB7B8F5283D8BBA0014D516 /* Build configuration list for PBXProject "CoordinatorPatternSwiftUI" */;
			compatibilityVersion = "Xcode 13.0";
			developmentRegion = en;
			hasScannedForEncodings = 0;
			knownRegions = (
				en,
				Base,
			);
			mainGroup = 0EB7B8F1283D8BBA0014D516;
			productRefGroup = 0EB7B8FB283D8BBA0014D516 /* Products */;
			projectDirPath = "";
			projectRoot = "";
			targets = (
				0EB7B8F9283D8BBA0014D516 /* CoordinatorPatternSwiftUI */,
			);
		};
/* End PBXProject section */

/* Begin PBXResourcesBuildPhase section */
		0EB7B8F8283D8BBA0014D516 /* Resources */ = {
			isa = PBXResourcesBuildPhase;
			buildActionMask = 2147483647;
			files = (
				0EB7B905283D8BBB0014D516 /* Preview Assets.xcassets in Resources */,
				0EB7B902283D8BBB0014D516 /* Assets.xcassets in Resources */,
			);
			runOnlyForDeploymentPostprocessing = 0;
		};
/* End PBXResourcesBuildPhase section */

/* Begin PBXSourcesBuildPhase section */
		0EB7B8F6283D8BBA0014D516 /* Sources */ = {
			isa = PBXSourcesBuildPhase;
			buildActionMask = 2147483647;
			files = (
				0EB7B933283D90970014D516 /* Page2View.swift in Sources */,
				0EB7B945283D99C70014D516 /* Page1ViewModel.swift in Sources */,
				0EB7B92D283D8FE20014D516 /* TermsAndConditionsViewModel.swift in Sources */,
				0EB7B93D283D942D0014D516 /* NavigationBarViewModel.swift in Sources */,
				0EB7B916283D8CE90014D516 /* Router.swift in Sources */,
				0EB7B92F283D8FF00014D516 /* TermsAndConditionsView.swift in Sources */,
				0EB7B939283D90E80014D516 /* NavigationBarView.swift in Sources */,
				0EB7B943283D96BA0014D516 /* LoginRouterFlowNavigator.swift in Sources */,
				0EB7B90E283D8C0A0014D516 /* AppDelegate.swift in Sources */,
				0EB7B91F283D8EED0014D516 /* Module1RouterFlowNavigator.swift in Sources */,
				0EB7B941283D96160014D516 /* LoginViewModel.swift in Sources */,
				0EB7B91A283D8E110014D516 /* GenericRouterFlowNavigator.swift in Sources */,
				0EB7B918283D8D1D0014D516 /* Navigators.swift in Sources */,
				0EB7B931283D908E0014D516 /* Page1View.swift in Sources */,
				0EB7B935283D90AF0014D516 /* Page3View.swift in Sources */,
				0EB7B900283D8BBA0014D516 /* LoginView.swift in Sources */,
				0EB7B8FE283D8BBA0014D516 /* CoordinatorPatternSwiftUIApp.swift in Sources */,
			);
			runOnlyForDeploymentPostprocessing = 0;
		};
/* End PBXSourcesBuildPhase section */

/* Begin XCBuildConfiguration section */
		0EB7B906283D8BBB0014D516 /* Debug */ = {
			isa = XCBuildConfiguration;
			buildSettings = {
				ALWAYS_SEARCH_USER_PATHS = NO;
				CLANG_ANALYZER_NONNULL = YES;
				CLANG_ANALYZER_NUMBER_OBJECT_CONVERSION = YES_AGGRESSIVE;
				CLANG_CXX_LANGUAGE_STANDARD = "gnu++17";
				CLANG_ENABLE_MODULES = YES;
				CLANG_ENABLE_OBJC_ARC = YES;
				CLANG_ENABLE_OBJC_WEAK = YES;
				CLANG_WARN_BLOCK_CAPTURE_AUTORELEASING = YES;
				CLANG_WARN_BOOL_CONVERSION = YES;
				CLANG_WARN_COMMA = YES;
				CLANG_WARN_CONSTANT_CONVERSION = YES;
				CLANG_WARN_DEPRECATED_OBJC_IMPLEMENTATIONS = YES;
				CLANG_WARN_DIRECT_OBJC_ISA_USAGE = YES_ERROR;
				CLANG_WARN_DOCUMENTATION_COMMENTS = YES;
				CLANG_WARN_EMPTY_BODY = YES;
				CLANG_WARN_ENUM_CONVERSION = YES;
				CLANG_WARN_INFINITE_RECURSION = YES;
				CLANG_WARN_INT_CONVERSION = YES;
				CLANG_WARN_NON_LITERAL_NULL_CONVERSION = YES;
				CLANG_WARN_OBJC_IMPLICIT_RETAIN_SELF = YES;
				CLANG_WARN_OBJC_LITERAL_CONVERSION = YES;
				CLANG_WARN_OBJC_ROOT_CLASS = YES_ERROR;
				CLANG_WARN_QUOTED_INCLUDE_IN_FRAMEWORK_HEADER = YES;
				CLANG_WARN_RANGE_LOOP_ANALYSIS = YES;
				CLANG_WARN_STRICT_PROTOTYPES = YES;
				CLANG_WARN_SUSPICIOUS_MOVE = YES;
				CLANG_WARN_UNGUARDED_AVAILABILITY = YES_AGGRESSIVE;
				CLANG_WARN_UNREACHABLE_CODE = YES;
				CLANG_WARN__DUPLICATE_METHOD_MATCH = YES;
				COPY_PHASE_STRIP = NO;
				DEBUG_INFORMATION_FORMAT = dwarf;
				ENABLE_STRICT_OBJC_MSGSEND = YES;
				ENABLE_TESTABILITY = YES;
				GCC_C_LANGUAGE_STANDARD = gnu11;
				GCC_DYNAMIC_NO_PIC = NO;
				GCC_NO_COMMON_BLOCKS = YES;
				GCC_OPTIMIZATION_LEVEL = 0;
				GCC_PREPROCESSOR_DEFINITIONS = (
					"DEBUG=1",
					"$(inherited)",
				);
				GCC_WARN_64_TO_32_BIT_CONVERSION = YES;
				GCC_WARN_ABOUT_RETURN_TYPE = YES_ERROR;
				GCC_WARN_UNDECLARED_SELECTOR = YES;
				GCC_WARN_UNINITIALIZED_AUTOS = YES_AGGRESSIVE;
				GCC_WARN_UNUSED_FUNCTION = YES;
				GCC_WARN_UNUSED_VARIABLE = YES;
				IPHONEOS_DEPLOYMENT_TARGET = 15.5;
				MTL_ENABLE_DEBUG_INFO = INCLUDE_SOURCE;
				MTL_FAST_MATH = YES;
				ONLY_ACTIVE_ARCH = YES;
				SDKROOT = iphoneos;
				SWIFT_ACTIVE_COMPILATION_CONDITIONS = DEBUG;
				SWIFT_OPTIMIZATION_LEVEL = "-Onone";
			};
			name = Debug;
		};
		0EB7B907283D8BBB0014D516 /* Release */ = {
			isa = XCBuildConfiguration;
			buildSettings = {
				ALWAYS_SEARCH_USER_PATHS = NO;
				CLANG_ANALYZER_NONNULL = YES;
				CLANG_ANALYZER_NUMBER_OBJECT_CONVERSION = YES_AGGRESSIVE;
				CLANG_CXX_LANGUAGE_STANDARD = "gnu++17";
				CLANG_ENABLE_MODULES = YES;
				CLANG_ENABLE_OBJC_ARC = YES;
				CLANG_ENABLE_OBJC_WEAK = YES;
				CLANG_WARN_BLOCK_CAPTURE_AUTORELEASING = YES;
				CLANG_WARN_BOOL_CONVERSION = YES;
				CLANG_WARN_COMMA = YES;
				CLANG_WARN_CONSTANT_CONVERSION = YES;
				CLANG_WARN_DEPRECATED_OBJC_IMPLEMENTATIONS = YES;
				CLANG_WARN_DIRECT_OBJC_ISA_USAGE = YES_ERROR;
				CLANG_WARN_DOCUMENTATION_COMMENTS = YES;
				CLANG_WARN_EMPTY_BODY = YES;
				CLANG_WARN_ENUM_CONVERSION = YES;
				CLANG_WARN_INFINITE_RECURSION = YES;
				CLANG_WARN_INT_CONVERSION = YES;
				CLANG_WARN_NON_LITERAL_NULL_CONVERSION = YES;
				CLANG_WARN_OBJC_IMPLICIT_RETAIN_SELF = YES;
				CLANG_WARN_OBJC_LITERAL_CONVERSION = YES;
				CLANG_WARN_OBJC_ROOT_CLASS = YES_ERROR;
				CLANG_WARN_QUOTED_INCLUDE_IN_FRAMEWORK_HEADER = YES;
				CLANG_WARN_RANGE_LOOP_ANALYSIS = YES;
				CLANG_WARN_STRICT_PROTOTYPES = YES;
				CLANG_WARN_SUSPICIOUS_MOVE = YES;
				CLANG_WARN_UNGUARDED_AVAILABILITY = YES_AGGRESSIVE;
				CLANG_WARN_UNREACHABLE_CODE = YES;
				CLANG_WARN__DUPLICATE_METHOD_MATCH = YES;
				COPY_PHASE_STRIP = NO;
				DEBUG_INFORMATION_FORMAT = "dwarf-with-dsym";
				ENABLE_NS_ASSERTIONS = NO;
				ENABLE_STRICT_OBJC_MSGSEND = YES;
				GCC_C_LANGUAGE_STANDARD = gnu11;
				GCC_NO_COMMON_BLOCKS = YES;
				GCC_WARN_64_TO_32_BIT_CONVERSION = YES;
				GCC_WARN_ABOUT_RETURN_TYPE = YES_ERROR;
				GCC_WARN_UNDECLARED_SELECTOR = YES;
				GCC_WARN_UNINITIALIZED_AUTOS = YES_AGGRESSIVE;
				GCC_WARN_UNUSED_FUNCTION = YES;
				GCC_WARN_UNUSED_VARIABLE = YES;
				IPHONEOS_DEPLOYMENT_TARGET = 15.5;
				MTL_ENABLE_DEBUG_INFO = NO;
				MTL_FAST_MATH = YES;
				SDKROOT = iphoneos;
				SWIFT_COMPILATION_MODE = wholemodule;
				SWIFT_OPTIMIZATION_LEVEL = "-O";
				VALIDATE_PRODUCT = YES;
			};
			name = Release;
		};
		0EB7B909283D8BBB0014D516 /* Debug */ = {
			isa = XCBuildConfiguration;
			buildSettings = {
				ASSETCATALOG_COMPILER_APPICON_NAME = AppIcon;
				ASSETCATALOG_COMPILER_GLOBAL_ACCENT_COLOR_NAME = AccentColor;
				CODE_SIGN_STYLE = Automatic;
				CURRENT_PROJECT_VERSION = 1;
				DEVELOPMENT_ASSET_PATHS = "\"CoordinatorPatternSwiftUI/Preview Content\"";
				DEVELOPMENT_TEAM = ARST23U93Z;
				ENABLE_PREVIEWS = YES;
				GENERATE_INFOPLIST_FILE = YES;
				INFOPLIST_KEY_UIApplicationSceneManifest_Generation = YES;
				INFOPLIST_KEY_UIApplicationSupportsIndirectInputEvents = YES;
				INFOPLIST_KEY_UILaunchScreen_Generation = YES;
				INFOPLIST_KEY_UISupportedInterfaceOrientations_iPad = "UIInterfaceOrientationPortrait UIInterfaceOrientationPortraitUpsideDown UIInterfaceOrientationLandscapeLeft UIInterfaceOrientationLandscapeRight";
				INFOPLIST_KEY_UISupportedInterfaceOrientations_iPhone = "UIInterfaceOrientationPortrait UIInterfaceOrientationLandscapeLeft UIInterfaceOrientationLandscapeRight";
				LD_RUNPATH_SEARCH_PATHS = (
					"$(inherited)",
					"@executable_path/Frameworks",
				);
				MARKETING_VERSION = 1.0;
				PRODUCT_BUNDLE_IDENTIFIER = com.juanbonforti.CoordinatorPatternSwiftUI;
				PRODUCT_NAME = "$(TARGET_NAME)";
				SWIFT_EMIT_LOC_STRINGS = YES;
				SWIFT_VERSION = 5.0;
				TARGETED_DEVICE_FAMILY = "1,2";
			};
			name = Debug;
		};
		0EB7B90A283D8BBB0014D516 /* Release */ = {
			isa = XCBuildConfiguration;
			buildSettings = {
				ASSETCATALOG_COMPILER_APPICON_NAME = AppIcon;
				ASSETCATALOG_COMPILER_GLOBAL_ACCENT_COLOR_NAME = AccentColor;
				CODE_SIGN_STYLE = Automatic;
				CURRENT_PROJECT_VERSION = 1;
				DEVELOPMENT_ASSET_PATHS = "\"CoordinatorPatternSwiftUI/Preview Content\"";
				DEVELOPMENT_TEAM = ARST23U93Z;
				ENABLE_PREVIEWS = YES;
				GENERATE_INFOPLIST_FILE = YES;
				INFOPLIST_KEY_UIApplicationSceneManifest_Generation = YES;
				INFOPLIST_KEY_UIApplicationSupportsIndirectInputEvents = YES;
				INFOPLIST_KEY_UILaunchScreen_Generation = YES;
				INFOPLIST_KEY_UISupportedInterfaceOrientations_iPad = "UIInterfaceOrientationPortrait UIInterfaceOrientationPortraitUpsideDown UIInterfaceOrientationLandscapeLeft UIInterfaceOrientationLandscapeRight";
				INFOPLIST_KEY_UISupportedInterfaceOrientations_iPhone = "UIInterfaceOrientationPortrait UIInterfaceOrientationLandscapeLeft UIInterfaceOrientationLandscapeRight";
				LD_RUNPATH_SEARCH_PATHS = (
					"$(inherited)",
					"@executable_path/Frameworks",
				);
				MARKETING_VERSION = 1.0;
				PRODUCT_BUNDLE_IDENTIFIER = com.juanbonforti.CoordinatorPatternSwiftUI;
				PRODUCT_NAME = "$(TARGET_NAME)";
				SWIFT_EMIT_LOC_STRINGS = YES;
				SWIFT_VERSION = 5.0;
				TARGETED_DEVICE_FAMILY = "1,2";
			};
			name = Release;
		};
/* End XCBuildConfiguration section */

/* Begin XCConfigurationList section */
		0EB7B8F5283D8BBA0014D516 /* Build configuration list for PBXProject "CoordinatorPatternSwiftUI" */ = {
			isa = XCConfigurationList;
			buildConfigurations = (
				0EB7B906283D8BBB0014D516 /* Debug */,
				0EB7B907283D8BBB0014D516 /* Release */,
			);
			defaultConfigurationIsVisible = 0;
			defaultConfigurationName = Release;
		};
		0EB7B908283D8BBB0014D516 /* Build configuration list for PBXNativeTarget "CoordinatorPatternSwiftUI" */ = {
			isa = XCConfigurationList;
			buildConfigurations = (
				0EB7B909283D8BBB0014D516 /* Debug */,
				0EB7B90A283D8BBB0014D516 /* Release */,
			);
			defaultConfigurationIsVisible = 0;
			defaultConfigurationName = Release;
		};
/* End XCConfigurationList section */
	};
	rootObject = 0EB7B8F2283D8BBA0014D516 /* Project object */;
}
